
Microsoft Visual Studio Solution File, Format Version 12.00
# Visual Studio Version 16
VisualStudioVersion = 16.0.30104.148
MinimumVisualStudioVersion = 10.0.40219.1
Project("{8BC9CEB8-8B4A-11D0-8D11-00A0C91BC942}") = "Rain", "Rain\Rain.vcxproj", "{0AF06AF8-C1EC-4D7D-BBBE-F00F8513169B}"
EndProject
Project("{888888A0-9F3D-457C-B088-3A5042F75D52}") = "RainCompiler", "RainCompiler\RainCompiler.pyproj", "{99AC7AFE-D2B6-47C9-AC4E-2DD9C1C659AB}"
EndProject
Project("{FAE04EC0-301F-11D3-BF4B-00C04F79EFBC}") = "RainEditor", "RainEditor\RainEditor.csproj", "{9CBECAB1-B39C-4176-A9AC-C7B006124A9C}"
EndProject
Global
	GlobalSection(SolutionConfigurationPlatforms) = preSolution
		Debug|Any CPU = Debug|Any CPU
		Debug|x64 = Debug|x64
		Debug|x86 = Debug|x86
		Release|Any CPU = Release|Any CPU
		Release|x64 = Release|x64
		Release|x86 = Release|x86
	EndGlobalSection
	GlobalSection(ProjectConfigurationPlatforms) = postSolution
		{0AF06AF8-C1EC-4D7D-BBBE-F00F8513169B}.Debug|Any CPU.ActiveCfg = Debug|Win32
		{0AF06AF8-C1EC-4D7D-BBBE-F00F8513169B}.Debug|x64.ActiveCfg = Debug|x64
		{0AF06AF8-C1EC-4D7D-BBBE-F00F8513169B}.Debug|x64.Build.0 = Debug|x64
		{0AF06AF8-C1EC-4D7D-BBBE-F00F8513169B}.Debug|x86.ActiveCfg = Debug|Win32
		{0AF06AF8-C1EC-4D7D-BBBE-F00F8513169B}.Debug|x86.Build.0 = Debug|Win32
		{0AF06AF8-C1EC-4D7D-BBBE-F00F8513169B}.Release|Any CPU.ActiveCfg = Release|Win32
		{0AF06AF8-C1EC-4D7D-BBBE-F00F8513169B}.Release|x64.ActiveCfg = Release|x64
		{0AF06AF8-C1EC-4D7D-BBBE-F00F8513169B}.Release|x64.Build.0 = Release|x64
		{0AF06AF8-C1EC-4D7D-BBBE-F00F8513169B}.Release|x86.ActiveCfg = Release|Win32
		{0AF06AF8-C1EC-4D7D-BBBE-F00F8513169B}.Release|x86.Build.0 = Release|Win32
		{99AC7AFE-D2B6-47C9-AC4E-2DD9C1C659AB}.Debug|Any CPU.ActiveCfg = Debug|Any CPU
		{99AC7AFE-D2B6-47C9-AC4E-2DD9C1C659AB}.Debug|x64.ActiveCfg = Debug|Any CPU
		{99AC7AFE-D2B6-47C9-AC4E-2DD9C1C659AB}.Debug|x86.ActiveCfg = Debug|Any CPU
		{99AC7AFE-D2B6-47C9-AC4E-2DD9C1C659AB}.Release|Any CPU.ActiveCfg = Release|Any CPU
		{99AC7AFE-D2B6-47C9-AC4E-2DD9C1C659AB}.Release|x64.ActiveCfg = Release|Any CPU
		{99AC7AFE-D2B6-47C9-AC4E-2DD9C1C659AB}.Release|x86.ActiveCfg = Release|Any CPU
		{9CBECAB1-B39C-4176-A9AC-C7B006124A9C}.Debug|Any CPU.ActiveCfg = Debug|Any CPU
		{9CBECAB1-B39C-4176-A9AC-C7B006124A9C}.Debug|Any CPU.Build.0 = Debug|Any CPU
		{9CBECAB1-B39C-4176-A9AC-C7B006124A9C}.Debug|x64.ActiveCfg = Debug|Any CPU
		{9CBECAB1-B39C-4176-A9AC-C7B006124A9C}.Debug|x64.Build.0 = Debug|Any CPU
		{9CBECAB1-B39C-4176-A9AC-C7B006124A9C}.Debug|x86.ActiveCfg = Debug|Any CPU
		{9CBECAB1-B39C-4176-A9AC-C7B006124A9C}.Debug|x86.Build.0 = Debug|Any CPU
		{9CBECAB1-B39C-4176-A9AC-C7B006124A9C}.Release|Any CPU.ActiveCfg = Release|Any CPU
		{9CBECAB1-B39C-4176-A9AC-C7B006124A9C}.Release|Any CPU.Build.0 = Release|Any CPU
		{9CBECAB1-B39C-4176-A9AC-C7B006124A9C}.Release|x64.ActiveCfg = Release|Any CPU
		{9CBECAB1-B39C-4176-A9AC-C7B006124A9C}.Release|x64.Build.0 = Release|Any CPU
		{9CBECAB1-B39C-4176-A9AC-C7B006124A9C}.Release|x86.ActiveCfg = Release|Any CPU
		{9CBECAB1-B39C-4176-A9AC-C7B006124A9C}.Release|x86.Build.0 = Release|Any CPU
	EndGlobalSection
	GlobalSection(SolutionProperties) = preSolution
		HideSolutionNode = FALSE
	EndGlobalSection
	GlobalSection(ExtensibilityGlobals) = postSolution
		SolutionGuid = {C1955D56-A901-46F1-85B9-04C30D51E1D9}
	EndGlobalSection
EndGlobal
